<?xml version="1.0" encoding="utf-8"?>
<Project ToolsVersion="4.0" xmlns="http://schemas.microsoft.com/developer/msbuild/2003">
  <ItemGroup>
    <Filter Include="Code">
      <UniqueIdentifier>{7add7f9b-7215-4f7c-a3e4-0a4906f3a101}</UniqueIdentifier>
    </Filter>
    <Filter Include="Code\Program">
      <UniqueIdentifier>{a4f818ff-b89e-42ac-b6bb-cba8d0c39b7a}</UniqueIdentifier>
    </Filter>
    <Filter Include="Assets">
      <UniqueIdentifier>{5fefb8a4-fe5b-4d26-bd7d-35fc9f9af57c}</UniqueIdentifier>
    </Filter>
    <Filter Include="Assets\Shader">
      <UniqueIdentifier>{4142718b-1cf5-476a-8bcb-a4c3c8cae137}</UniqueIdentifier>
    </Filter>
    <Filter Include="Assets\Shader\Deferred">
      <UniqueIdentifier>{d83d54ea-9e17-4808-8a6f-f62649e536b3}</UniqueIdentifier>
    </Filter>
    <Filter Include="Assets\Shader\Post">
      <UniqueIdentifier>{9f726d43-7ca8-49e0-9858-60c9f8301401}</UniqueIdentifier>
    </Filter>
    <Filter Include="Code\PostEffects">
      <UniqueIdentifier>{e208cbea-4803-42c4-841e-3b13721bdf71}</UniqueIdentifier>
    </Filter>
  </ItemGroup>
  <ItemGroup>
    <ClCompile Include="main.cpp">
      <Filter>Code</Filter>
    </ClCompile>
    <ClCompile Include="stdafx.cpp">
      <Filter>Code</Filter>
    </ClCompile>
    <ClCompile Include="Program.cpp">
      <Filter>Code\Program</Filter>
    </ClCompile>
    <ClCompile Include="LightRenderer.cpp">
      <Filter>Code\Program</Filter>
    </ClCompile>
    <ClCompile Include="TestPosteffect.cpp">
      <Filter>Code\PostEffects</Filter>
    </ClCompile>
  </ItemGroup>
  <ItemGroup>
    <ClInclude Include="stdafx.h">
      <Filter>Code</Filter>
    </ClInclude>
    <ClInclude Include="Program.h">
      <Filter>Code\Program</Filter>
    </ClInclude>
    <ClInclude Include="TestPosteffect.h">
      <Filter>Code\PostEffects</Filter>
    </ClInclude>
    <ClInclude Include="LightRenderer.h">
      <Filter>Code\Program</Filter>
    </ClInclude>
  </ItemGroup>
  <ItemGroup>
    <None Include="..\..\tests\Main\Assets\UnitCube.fbx">
      <Filter>Assets</Filter>
    </None>
    <None Include="..\..\tests\Main\Assets\UnitPlane.fbx">
      <Filter>Assets</Filter>
    </None>
    <None Include="..\..\tests\Main\Assets\Shader\Post\shdr_post_test.frag">
      <Filter>Assets\Shader\Post</Filter>
    </None>
    <None Include="..\..\tests\Main\Assets\Shader\Post\shdr_post_test.vert">
      <Filter>Assets\Shader\Post</Filter>
    </None>
    <None Include="..\..\tests\Main\Assets\Shader\Deferred\shdr_deferred_light.frag">
      <Filter>Assets\Shader\Deferred</Filter>
    </None>
    <None Include="..\..\tests\Main\Assets\Shader\Deferred\shdr_deferred_light.vert">
      <Filter>Assets\Shader\Deferred</Filter>
    </None>
    <None Include="..\..\tests\Main\Assets\Shader\Deferred\shdr_deferred_base.frag">
      <Filter>Assets\Shader\Deferred</Filter>
    </None>
    <None Include="..\..\tests\Main\Assets\Shader\Deferred\shdr_deferred_base.vert">
      <Filter>Assets\Shader\Deferred</Filter>
    </None>
    <None Include="..\..\tests\Main\Assets\Shader\test_shader.frag">
      <Filter>Assets\Shader</Filter>
    </None>
    <None Include="..\..\tests\Main\Assets\Shader\test_shader.vert">
      <Filter>Assets\Shader</Filter>
    </None>
  </ItemGroup>
</Project>