<?xml version="1.0" encoding="utf-8"?>
<Project ToolsVersion="4.0" xmlns="http://schemas.microsoft.com/developer/msbuild/2003">
  <ItemGroup>
    <Filter Include="Code">
      <UniqueIdentifier>{7add7f9b-7215-4f7c-a3e4-0a4906f3a101}</UniqueIdentifier>
    </Filter>
    <Filter Include="Code\Program">
      <UniqueIdentifier>{a4f818ff-b89e-42ac-b6bb-cba8d0c39b7a}</UniqueIdentifier>
    </Filter>
    <Filter Include="Assets">
      <UniqueIdentifier>{5fefb8a4-fe5b-4d26-bd7d-35fc9f9af57c}</UniqueIdentifier>
    </Filter>
    <Filter Include="Assets\Deferred">
      <UniqueIdentifier>{d83d54ea-9e17-4808-8a6f-f62649e536b3}</UniqueIdentifier>
    </Filter>
  </ItemGroup>
  <ItemGroup>
    <ClCompile Include="main.cpp">
      <Filter>Code</Filter>
    </ClCompile>
    <ClCompile Include="stdafx.cpp">
      <Filter>Code</Filter>
    </ClCompile>
    <ClCompile Include="Program.cpp">
      <Filter>Code\Program</Filter>
    </ClCompile>
  </ItemGroup>
  <ItemGroup>
    <ClInclude Include="stdafx.h">
      <Filter>Code</Filter>
    </ClInclude>
    <ClInclude Include="Program.h">
      <Filter>Code\Program</Filter>
    </ClInclude>
  </ItemGroup>
  <ItemGroup>
    <None Include="..\..\tests\Main\Assets\test_shader.frag">
      <Filter>Assets</Filter>
    </None>
    <None Include="..\..\tests\Main\Assets\test_shader.vert">
      <Filter>Assets</Filter>
    </None>
    <None Include="..\..\tests\Main\Assets\UnitCube.fbx">
      <Filter>Assets</Filter>
    </None>
    <None Include="..\..\tests\Main\Assets\UnitPlane.fbx">
      <Filter>Assets</Filter>
    </None>
    <None Include="..\..\tests\Main\Assets\Deferred\shdr_deferred_base.frag">
      <Filter>Assets\Deferred</Filter>
    </None>
    <None Include="..\..\tests\Main\Assets\Deferred\shdr_deferred_base.vert">
      <Filter>Assets\Deferred</Filter>
    </None>
    <None Include="..\..\tests\Main\Assets\Deferred\shdr_deferred_light.frag">
      <Filter>Assets\Deferred</Filter>
    </None>
    <None Include="..\..\tests\Main\Assets\Deferred\shdr_deferred_light.vert">
      <Filter>Assets\Deferred</Filter>
    </None>
  </ItemGroup>
</Project>